
Microsoft Visual Studio Solution File, Format Version 12.00
# Visual Studio Version 17
VisualStudioVersion = 17.3.32901.215
MinimumVisualStudioVersion = 10.0.40219.1
Project("{FAE04EC0-301F-11D3-BF4B-00C04F79EFBC}") = "Abstraction", "Abstraction\Abstraction.csproj", "{6760953E-DD1E-488E-8EDF-6EB9625B4D8B}"
EndProject
Global
	GlobalSection(SolutionConfigurationPlatforms) = preSolution
		Debug|Any CPU = Debug|Any CPU
		Release|Any CPU = Release|Any CPU
	EndGlobalSection
	GlobalSection(ProjectConfigurationPlatforms) = postSolution
		{6760953E-DD1E-488E-8EDF-6EB9625B4D8B}.Debug|Any CPU.ActiveCfg = Debug|Any CPU
		{6760953E-DD1E-488E-8EDF-6EB9625B4D8B}.Debug|Any CPU.Build.0 = Debug|Any CPU
		{6760953E-DD1E-488E-8EDF-6EB9625B4D8B}.Release|Any CPU.ActiveCfg = Release|Any CPU
		{6760953E-DD1E-488E-8EDF-6EB9625B4D8B}.Release|Any CPU.Build.0 = Release|Any CPU
	EndGlobalSection
	GlobalSection(SolutionProperties) = preSolution
		HideSolutionNode = FALSE
	EndGlobalSection
	GlobalSection(ExtensibilityGlobals) = postSolution
		SolutionGuid = {2AFD154D-EF49-4E8C-959D-E19E7EB1F60E}
	EndGlobalSection
EndGlobal
