
Microsoft Visual Studio Solution File, Format Version 12.00
# Visual Studio Version 17
VisualStudioVersion = 17.3.32901.215
MinimumVisualStudioVersion = 10.0.40219.1
Project("{FAE04EC0-301F-11D3-BF4B-00C04F79EFBC}") = "Inheritance_Is_a_Relation", "Inheritance_Is_a_Relation\Inheritance_Is_a_Relation.csproj", "{59D76934-A3DC-40E3-82AC-0D6803B2B909}"
EndProject
Global
	GlobalSection(SolutionConfigurationPlatforms) = preSolution
		Debug|Any CPU = Debug|Any CPU
		Release|Any CPU = Release|Any CPU
	EndGlobalSection
	GlobalSection(ProjectConfigurationPlatforms) = postSolution
		{59D76934-A3DC-40E3-82AC-0D6803B2B909}.Debug|Any CPU.ActiveCfg = Debug|Any CPU
		{59D76934-A3DC-40E3-82AC-0D6803B2B909}.Debug|Any CPU.Build.0 = Debug|Any CPU
		{59D76934-A3DC-40E3-82AC-0D6803B2B909}.Release|Any CPU.ActiveCfg = Release|Any CPU
		{59D76934-A3DC-40E3-82AC-0D6803B2B909}.Release|Any CPU.Build.0 = Release|Any CPU
	EndGlobalSection
	GlobalSection(SolutionProperties) = preSolution
		HideSolutionNode = FALSE
	EndGlobalSection
	GlobalSection(ExtensibilityGlobals) = postSolution
		SolutionGuid = {69A8F74F-51AC-4149-AFF7-863457A0FE3F}
	EndGlobalSection
EndGlobal
