
Microsoft Visual Studio Solution File, Format Version 12.00
# Visual Studio Version 17
VisualStudioVersion = 17.3.32901.215
MinimumVisualStudioVersion = 10.0.40219.1
Project("{FAE04EC0-301F-11D3-BF4B-00C04F79EFBC}") = "LabTask_2(performance)", "LabTask_2(performance)\LabTask_2(performance).csproj", "{3E5C3282-AC01-4403-9425-14C152953F40}"
EndProject
Global
	GlobalSection(SolutionConfigurationPlatforms) = preSolution
		Debug|Any CPU = Debug|Any CPU
		Release|Any CPU = Release|Any CPU
	EndGlobalSection
	GlobalSection(ProjectConfigurationPlatforms) = postSolution
		{3E5C3282-AC01-4403-9425-14C152953F40}.Debug|Any CPU.ActiveCfg = Debug|Any CPU
		{3E5C3282-AC01-4403-9425-14C152953F40}.Debug|Any CPU.Build.0 = Debug|Any CPU
		{3E5C3282-AC01-4403-9425-14C152953F40}.Release|Any CPU.ActiveCfg = Release|Any CPU
		{3E5C3282-AC01-4403-9425-14C152953F40}.Release|Any CPU.Build.0 = Release|Any CPU
	EndGlobalSection
	GlobalSection(SolutionProperties) = preSolution
		HideSolutionNode = FALSE
	EndGlobalSection
	GlobalSection(ExtensibilityGlobals) = postSolution
		SolutionGuid = {AECACDB6-2FAF-4910-B822-ABD453402C6F}
	EndGlobalSection
EndGlobal
