
Microsoft Visual Studio Solution File, Format Version 12.00
# Visual Studio Version 17
VisualStudioVersion = 17.3.32901.215
MinimumVisualStudioVersion = 10.0.40219.1
Project("{FAE04EC0-301F-11D3-BF4B-00C04F79EFBC}") = "Quiz_1Solve", "Quiz_1Solve\Quiz_1Solve.csproj", "{2F56936C-0D2F-4AD2-8E6E-331280505C9D}"
EndProject
Global
	GlobalSection(SolutionConfigurationPlatforms) = preSolution
		Debug|Any CPU = Debug|Any CPU
		Release|Any CPU = Release|Any CPU
	EndGlobalSection
	GlobalSection(ProjectConfigurationPlatforms) = postSolution
		{2F56936C-0D2F-4AD2-8E6E-331280505C9D}.Debug|Any CPU.ActiveCfg = Debug|Any CPU
		{2F56936C-0D2F-4AD2-8E6E-331280505C9D}.Debug|Any CPU.Build.0 = Debug|Any CPU
		{2F56936C-0D2F-4AD2-8E6E-331280505C9D}.Release|Any CPU.ActiveCfg = Release|Any CPU
		{2F56936C-0D2F-4AD2-8E6E-331280505C9D}.Release|Any CPU.Build.0 = Release|Any CPU
	EndGlobalSection
	GlobalSection(SolutionProperties) = preSolution
		HideSolutionNode = FALSE
	EndGlobalSection
	GlobalSection(ExtensibilityGlobals) = postSolution
		SolutionGuid = {C3772DC1-E3F3-4E18-8A70-483911991575}
	EndGlobalSection
EndGlobal
