
Microsoft Visual Studio Solution File, Format Version 12.00
# Visual Studio Version 17
VisualStudioVersion = 17.3.32901.215
MinimumVisualStudioVersion = 10.0.40219.1
Project("{FAE04EC0-301F-11D3-BF4B-00C04F79EFBC}") = "Final Quiz Student", "Final Quiz Student\Final Quiz Student.csproj", "{36884C10-1CFB-48A6-B777-EEA1F3338579}"
EndProject
Global
	GlobalSection(SolutionConfigurationPlatforms) = preSolution
		Debug|Any CPU = Debug|Any CPU
		Release|Any CPU = Release|Any CPU
	EndGlobalSection
	GlobalSection(ProjectConfigurationPlatforms) = postSolution
		{36884C10-1CFB-48A6-B777-EEA1F3338579}.Debug|Any CPU.ActiveCfg = Debug|Any CPU
		{36884C10-1CFB-48A6-B777-EEA1F3338579}.Debug|Any CPU.Build.0 = Debug|Any CPU
		{36884C10-1CFB-48A6-B777-EEA1F3338579}.Release|Any CPU.ActiveCfg = Release|Any CPU
		{36884C10-1CFB-48A6-B777-EEA1F3338579}.Release|Any CPU.Build.0 = Release|Any CPU
	EndGlobalSection
	GlobalSection(SolutionProperties) = preSolution
		HideSolutionNode = FALSE
	EndGlobalSection
	GlobalSection(ExtensibilityGlobals) = postSolution
		SolutionGuid = {7BFD7BFC-0FE7-434D-9A52-F17DCA1077AC}
	EndGlobalSection
EndGlobal
