
Microsoft Visual Studio Solution File, Format Version 12.00
# Visual Studio Version 17
VisualStudioVersion = 17.3.32901.215
MinimumVisualStudioVersion = 10.0.40219.1
Project("{FAE04EC0-301F-11D3-BF4B-00C04F79EFBC}") = "StudentsInfo", "StudentsInfo\StudentsInfo.csproj", "{C2357D44-46ED-4DB8-B73F-30A5AC0FAA40}"
EndProject
Global
	GlobalSection(SolutionConfigurationPlatforms) = preSolution
		Debug|Any CPU = Debug|Any CPU
		Release|Any CPU = Release|Any CPU
	EndGlobalSection
	GlobalSection(ProjectConfigurationPlatforms) = postSolution
		{C2357D44-46ED-4DB8-B73F-30A5AC0FAA40}.Debug|Any CPU.ActiveCfg = Debug|Any CPU
		{C2357D44-46ED-4DB8-B73F-30A5AC0FAA40}.Debug|Any CPU.Build.0 = Debug|Any CPU
		{C2357D44-46ED-4DB8-B73F-30A5AC0FAA40}.Release|Any CPU.ActiveCfg = Release|Any CPU
		{C2357D44-46ED-4DB8-B73F-30A5AC0FAA40}.Release|Any CPU.Build.0 = Release|Any CPU
	EndGlobalSection
	GlobalSection(SolutionProperties) = preSolution
		HideSolutionNode = FALSE
	EndGlobalSection
	GlobalSection(ExtensibilityGlobals) = postSolution
		SolutionGuid = {EE28F7FA-CACC-4EB7-A53B-0252EC5B0C82}
	EndGlobalSection
EndGlobal
