
Microsoft Visual Studio Solution File, Format Version 12.00
# Visual Studio Version 17
VisualStudioVersion = 17.3.32901.215
MinimumVisualStudioVersion = 10.0.40219.1
Project("{FAE04EC0-301F-11D3-BF4B-00C04F79EFBC}") = "LabExam", "LabExam\LabExam.csproj", "{9B6CD238-E6EE-40B5-88A8-8C5A0064A278}"
EndProject
Global
	GlobalSection(SolutionConfigurationPlatforms) = preSolution
		Debug|Any CPU = Debug|Any CPU
		Release|Any CPU = Release|Any CPU
	EndGlobalSection
	GlobalSection(ProjectConfigurationPlatforms) = postSolution
		{9B6CD238-E6EE-40B5-88A8-8C5A0064A278}.Debug|Any CPU.ActiveCfg = Debug|Any CPU
		{9B6CD238-E6EE-40B5-88A8-8C5A0064A278}.Debug|Any CPU.Build.0 = Debug|Any CPU
		{9B6CD238-E6EE-40B5-88A8-8C5A0064A278}.Release|Any CPU.ActiveCfg = Release|Any CPU
		{9B6CD238-E6EE-40B5-88A8-8C5A0064A278}.Release|Any CPU.Build.0 = Release|Any CPU
	EndGlobalSection
	GlobalSection(SolutionProperties) = preSolution
		HideSolutionNode = FALSE
	EndGlobalSection
	GlobalSection(ExtensibilityGlobals) = postSolution
		SolutionGuid = {0DABE1F6-BEC8-4E0F-87E0-C1DD5E7DD63B}
	EndGlobalSection
EndGlobal
