
Microsoft Visual Studio Solution File, Format Version 12.00
# Visual Studio Version 17
VisualStudioVersion = 17.3.32901.215
MinimumVisualStudioVersion = 10.0.40219.1
Project("{FAE04EC0-301F-11D3-BF4B-00C04F79EFBC}") = "StudentInformation", "StudentInformation\StudentInformation.csproj", "{8AE53A7B-C66A-475C-8190-FF323AB62EBA}"
EndProject
Global
	GlobalSection(SolutionConfigurationPlatforms) = preSolution
		Debug|Any CPU = Debug|Any CPU
		Release|Any CPU = Release|Any CPU
	EndGlobalSection
	GlobalSection(ProjectConfigurationPlatforms) = postSolution
		{8AE53A7B-C66A-475C-8190-FF323AB62EBA}.Debug|Any CPU.ActiveCfg = Debug|Any CPU
		{8AE53A7B-C66A-475C-8190-FF323AB62EBA}.Debug|Any CPU.Build.0 = Debug|Any CPU
		{8AE53A7B-C66A-475C-8190-FF323AB62EBA}.Release|Any CPU.ActiveCfg = Release|Any CPU
		{8AE53A7B-C66A-475C-8190-FF323AB62EBA}.Release|Any CPU.Build.0 = Release|Any CPU
	EndGlobalSection
	GlobalSection(SolutionProperties) = preSolution
		HideSolutionNode = FALSE
	EndGlobalSection
	GlobalSection(ExtensibilityGlobals) = postSolution
		SolutionGuid = {4B96F9E9-C329-47C9-9FD8-63614F3F2202}
	EndGlobalSection
EndGlobal
