
Microsoft Visual Studio Solution File, Format Version 12.00
# Visual Studio Version 17
VisualStudioVersion = 17.3.32901.215
MinimumVisualStudioVersion = 10.0.40219.1
Project("{FAE04EC0-301F-11D3-BF4B-00C04F79EFBC}") = "ArrayOfObject", "ArrayOfObject\ArrayOfObject.csproj", "{ABF7BA9F-6723-4C6B-9B90-86D537B9B03A}"
EndProject
Global
	GlobalSection(SolutionConfigurationPlatforms) = preSolution
		Debug|Any CPU = Debug|Any CPU
		Release|Any CPU = Release|Any CPU
	EndGlobalSection
	GlobalSection(ProjectConfigurationPlatforms) = postSolution
		{ABF7BA9F-6723-4C6B-9B90-86D537B9B03A}.Debug|Any CPU.ActiveCfg = Debug|Any CPU
		{ABF7BA9F-6723-4C6B-9B90-86D537B9B03A}.Debug|Any CPU.Build.0 = Debug|Any CPU
		{ABF7BA9F-6723-4C6B-9B90-86D537B9B03A}.Release|Any CPU.ActiveCfg = Release|Any CPU
		{ABF7BA9F-6723-4C6B-9B90-86D537B9B03A}.Release|Any CPU.Build.0 = Release|Any CPU
	EndGlobalSection
	GlobalSection(SolutionProperties) = preSolution
		HideSolutionNode = FALSE
	EndGlobalSection
	GlobalSection(ExtensibilityGlobals) = postSolution
		SolutionGuid = {D2FEEEC3-D38A-4C92-A725-0B067CB30134}
	EndGlobalSection
EndGlobal
