
Microsoft Visual Studio Solution File, Format Version 12.00
# Visual Studio Version 17
VisualStudioVersion = 17.3.32901.215
MinimumVisualStudioVersion = 10.0.40219.1
Project("{FAE04EC0-301F-11D3-BF4B-00C04F79EFBC}") = "Quiz-1_Solve", "Quiz-1_Solve\Quiz-1_Solve.csproj", "{80CF1028-DA1E-4C2B-9F92-5B3C4D1A79ED}"
EndProject
Global
	GlobalSection(SolutionConfigurationPlatforms) = preSolution
		Debug|Any CPU = Debug|Any CPU
		Release|Any CPU = Release|Any CPU
	EndGlobalSection
	GlobalSection(ProjectConfigurationPlatforms) = postSolution
		{80CF1028-DA1E-4C2B-9F92-5B3C4D1A79ED}.Debug|Any CPU.ActiveCfg = Debug|Any CPU
		{80CF1028-DA1E-4C2B-9F92-5B3C4D1A79ED}.Debug|Any CPU.Build.0 = Debug|Any CPU
		{80CF1028-DA1E-4C2B-9F92-5B3C4D1A79ED}.Release|Any CPU.ActiveCfg = Release|Any CPU
		{80CF1028-DA1E-4C2B-9F92-5B3C4D1A79ED}.Release|Any CPU.Build.0 = Release|Any CPU
	EndGlobalSection
	GlobalSection(SolutionProperties) = preSolution
		HideSolutionNode = FALSE
	EndGlobalSection
	GlobalSection(ExtensibilityGlobals) = postSolution
		SolutionGuid = {479A95EE-2A39-451C-91A8-C6DBBAD084CD}
	EndGlobalSection
EndGlobal
