
Microsoft Visual Studio Solution File, Format Version 12.00
# Visual Studio Version 17
VisualStudioVersion = 17.3.32901.215
MinimumVisualStudioVersion = 10.0.40219.1
Project("{FAE04EC0-301F-11D3-BF4B-00C04F79EFBC}") = "w3schools", "w3schools\w3schools.csproj", "{525602CE-34EB-49A8-88F6-DB4F59360FF4}"
EndProject
Global
	GlobalSection(SolutionConfigurationPlatforms) = preSolution
		Debug|Any CPU = Debug|Any CPU
		Release|Any CPU = Release|Any CPU
	EndGlobalSection
	GlobalSection(ProjectConfigurationPlatforms) = postSolution
		{525602CE-34EB-49A8-88F6-DB4F59360FF4}.Debug|Any CPU.ActiveCfg = Debug|Any CPU
		{525602CE-34EB-49A8-88F6-DB4F59360FF4}.Debug|Any CPU.Build.0 = Debug|Any CPU
		{525602CE-34EB-49A8-88F6-DB4F59360FF4}.Release|Any CPU.ActiveCfg = Release|Any CPU
		{525602CE-34EB-49A8-88F6-DB4F59360FF4}.Release|Any CPU.Build.0 = Release|Any CPU
	EndGlobalSection
	GlobalSection(SolutionProperties) = preSolution
		HideSolutionNode = FALSE
	EndGlobalSection
	GlobalSection(ExtensibilityGlobals) = postSolution
		SolutionGuid = {00456D35-B869-4A65-B0D0-84976AAE9A5B}
	EndGlobalSection
EndGlobal
