
Microsoft Visual Studio Solution File, Format Version 12.00
# Visual Studio Version 17
VisualStudioVersion = 17.3.32901.215
MinimumVisualStudioVersion = 10.0.40219.1
Project("{FAE04EC0-301F-11D3-BF4B-00C04F79EFBC}") = "Login and Registration", "Login and Registration\Login and Registration.csproj", "{1A9C5EEA-95EC-4F2D-9A6B-88BB33AC5660}"
EndProject
Global
	GlobalSection(SolutionConfigurationPlatforms) = preSolution
		Debug|Any CPU = Debug|Any CPU
		Release|Any CPU = Release|Any CPU
	EndGlobalSection
	GlobalSection(ProjectConfigurationPlatforms) = postSolution
		{1A9C5EEA-95EC-4F2D-9A6B-88BB33AC5660}.Debug|Any CPU.ActiveCfg = Debug|Any CPU
		{1A9C5EEA-95EC-4F2D-9A6B-88BB33AC5660}.Debug|Any CPU.Build.0 = Debug|Any CPU
		{1A9C5EEA-95EC-4F2D-9A6B-88BB33AC5660}.Release|Any CPU.ActiveCfg = Release|Any CPU
		{1A9C5EEA-95EC-4F2D-9A6B-88BB33AC5660}.Release|Any CPU.Build.0 = Release|Any CPU
	EndGlobalSection
	GlobalSection(SolutionProperties) = preSolution
		HideSolutionNode = FALSE
	EndGlobalSection
	GlobalSection(ExtensibilityGlobals) = postSolution
		SolutionGuid = {5BD77A3B-57EE-4534-B37E-505441A59EC6}
	EndGlobalSection
EndGlobal
