
Microsoft Visual Studio Solution File, Format Version 12.00
# Visual Studio Version 17
VisualStudioVersion = 17.3.32901.215
MinimumVisualStudioVersion = 10.0.40219.1
Project("{FAE04EC0-301F-11D3-BF4B-00C04F79EFBC}") = "QuizTry", "QuizTry\QuizTry.csproj", "{DFB82B4D-7D9B-4208-8610-DF3367401D6F}"
EndProject
Global
	GlobalSection(SolutionConfigurationPlatforms) = preSolution
		Debug|Any CPU = Debug|Any CPU
		Release|Any CPU = Release|Any CPU
	EndGlobalSection
	GlobalSection(ProjectConfigurationPlatforms) = postSolution
		{DFB82B4D-7D9B-4208-8610-DF3367401D6F}.Debug|Any CPU.ActiveCfg = Debug|Any CPU
		{DFB82B4D-7D9B-4208-8610-DF3367401D6F}.Debug|Any CPU.Build.0 = Debug|Any CPU
		{DFB82B4D-7D9B-4208-8610-DF3367401D6F}.Release|Any CPU.ActiveCfg = Release|Any CPU
		{DFB82B4D-7D9B-4208-8610-DF3367401D6F}.Release|Any CPU.Build.0 = Release|Any CPU
	EndGlobalSection
	GlobalSection(SolutionProperties) = preSolution
		HideSolutionNode = FALSE
	EndGlobalSection
	GlobalSection(ExtensibilityGlobals) = postSolution
		SolutionGuid = {C1E09CF9-54AC-4B8F-8557-91887F37502E}
	EndGlobalSection
EndGlobal
