
Microsoft Visual Studio Solution File, Format Version 12.00
# Visual Studio Version 17
VisualStudioVersion = 17.3.32901.215
MinimumVisualStudioVersion = 10.0.40219.1
Project("{FAE04EC0-301F-11D3-BF4B-00C04F79EFBC}") = "LoginForm", "LoginForm\LoginForm.csproj", "{57016632-502C-46B8-B168-6BB08604E194}"
EndProject
Global
	GlobalSection(SolutionConfigurationPlatforms) = preSolution
		Debug|Any CPU = Debug|Any CPU
		Release|Any CPU = Release|Any CPU
	EndGlobalSection
	GlobalSection(ProjectConfigurationPlatforms) = postSolution
		{57016632-502C-46B8-B168-6BB08604E194}.Debug|Any CPU.ActiveCfg = Debug|Any CPU
		{57016632-502C-46B8-B168-6BB08604E194}.Debug|Any CPU.Build.0 = Debug|Any CPU
		{57016632-502C-46B8-B168-6BB08604E194}.Release|Any CPU.ActiveCfg = Release|Any CPU
		{57016632-502C-46B8-B168-6BB08604E194}.Release|Any CPU.Build.0 = Release|Any CPU
	EndGlobalSection
	GlobalSection(SolutionProperties) = preSolution
		HideSolutionNode = FALSE
	EndGlobalSection
	GlobalSection(ExtensibilityGlobals) = postSolution
		SolutionGuid = {D128C45E-BEE3-4D57-B720-4C30E985C0A3}
	EndGlobalSection
EndGlobal
