
Microsoft Visual Studio Solution File, Format Version 12.00
# Visual Studio Version 17
VisualStudioVersion = 17.3.32901.215
MinimumVisualStudioVersion = 10.0.40219.1
Project("{FAE04EC0-301F-11D3-BF4B-00C04F79EFBC}") = "Is_a_relation", "Is_a_relation\Is_a_relation.csproj", "{A2D435BC-A317-488E-9D8A-11610119F49B}"
EndProject
Global
	GlobalSection(SolutionConfigurationPlatforms) = preSolution
		Debug|Any CPU = Debug|Any CPU
		Release|Any CPU = Release|Any CPU
	EndGlobalSection
	GlobalSection(ProjectConfigurationPlatforms) = postSolution
		{A2D435BC-A317-488E-9D8A-11610119F49B}.Debug|Any CPU.ActiveCfg = Debug|Any CPU
		{A2D435BC-A317-488E-9D8A-11610119F49B}.Debug|Any CPU.Build.0 = Debug|Any CPU
		{A2D435BC-A317-488E-9D8A-11610119F49B}.Release|Any CPU.ActiveCfg = Release|Any CPU
		{A2D435BC-A317-488E-9D8A-11610119F49B}.Release|Any CPU.Build.0 = Release|Any CPU
	EndGlobalSection
	GlobalSection(SolutionProperties) = preSolution
		HideSolutionNode = FALSE
	EndGlobalSection
	GlobalSection(ExtensibilityGlobals) = postSolution
		SolutionGuid = {18804E8F-88F4-489C-8811-75427C105B68}
	EndGlobalSection
EndGlobal
