
Microsoft Visual Studio Solution File, Format Version 12.00
# Visual Studio Version 17
VisualStudioVersion = 17.3.32901.215
MinimumVisualStudioVersion = 10.0.40219.1
Project("{FAE04EC0-301F-11D3-BF4B-00C04F79EFBC}") = "Final Quiz 1", "Final Quiz 1\Final Quiz 1.csproj", "{71ACFC61-8F7A-4183-B233-7DB3CF3DA299}"
EndProject
Global
	GlobalSection(SolutionConfigurationPlatforms) = preSolution
		Debug|Any CPU = Debug|Any CPU
		Release|Any CPU = Release|Any CPU
	EndGlobalSection
	GlobalSection(ProjectConfigurationPlatforms) = postSolution
		{71ACFC61-8F7A-4183-B233-7DB3CF3DA299}.Debug|Any CPU.ActiveCfg = Debug|Any CPU
		{71ACFC61-8F7A-4183-B233-7DB3CF3DA299}.Debug|Any CPU.Build.0 = Debug|Any CPU
		{71ACFC61-8F7A-4183-B233-7DB3CF3DA299}.Release|Any CPU.ActiveCfg = Release|Any CPU
		{71ACFC61-8F7A-4183-B233-7DB3CF3DA299}.Release|Any CPU.Build.0 = Release|Any CPU
	EndGlobalSection
	GlobalSection(SolutionProperties) = preSolution
		HideSolutionNode = FALSE
	EndGlobalSection
	GlobalSection(ExtensibilityGlobals) = postSolution
		SolutionGuid = {D9CF6C2D-020F-44E2-8148-DBD4EE7ED69A}
	EndGlobalSection
EndGlobal
